
Microsoft Visual Studio Solution File, Format Version 12.00
# Visual Studio Version 16
VisualStudioVersion = 16.0.30104.148
MinimumVisualStudioVersion = 10.0.40219.1
Project("{888888A0-9F3D-457C-B088-3A5042F75D52}") = "PythonApplication13 function", "PythonApplication13 function\PythonApplication13 function.pyproj", "{6F031497-FFB4-4E41-A6AA-04DAB35FFDF4}"
EndProject
Global
	GlobalSection(SolutionConfigurationPlatforms) = preSolution
		Debug|Any CPU = Debug|Any CPU
		Release|Any CPU = Release|Any CPU
	EndGlobalSection
	GlobalSection(ProjectConfigurationPlatforms) = postSolution
		{6F031497-FFB4-4E41-A6AA-04DAB35FFDF4}.Debug|Any CPU.ActiveCfg = Debug|Any CPU
		{6F031497-FFB4-4E41-A6AA-04DAB35FFDF4}.Release|Any CPU.ActiveCfg = Release|Any CPU
	EndGlobalSection
	GlobalSection(SolutionProperties) = preSolution
		HideSolutionNode = FALSE
	EndGlobalSection
	GlobalSection(ExtensibilityGlobals) = postSolution
		SolutionGuid = {1861F69C-1CBF-4E14-83C3-32A89C500DA3}
	EndGlobalSection
EndGlobal
